
Microsoft Visual Studio Solution File, Format Version 12.00
# Visual Studio Version 16
VisualStudioVersion = 16.0.29209.62
MinimumVisualStudioVersion = 10.0.40219.1
Project("{FAE04EC0-301F-11D3-BF4B-00C04F79EFBC}") = "Week4", "Week4\Week4.csproj", "{5B1E1A94-E3E4-4BAA-8C62-3522FE810413}"
EndProject
Global
	GlobalSection(SolutionConfigurationPlatforms) = preSolution
		Debug|Any CPU = Debug|Any CPU
		Release|Any CPU = Release|Any CPU
	EndGlobalSection
	GlobalSection(ProjectConfigurationPlatforms) = postSolution
		{5B1E1A94-E3E4-4BAA-8C62-3522FE810413}.Debug|Any CPU.ActiveCfg = Debug|Any CPU
		{5B1E1A94-E3E4-4BAA-8C62-3522FE810413}.Debug|Any CPU.Build.0 = Debug|Any CPU
		{5B1E1A94-E3E4-4BAA-8C62-3522FE810413}.Release|Any CPU.ActiveCfg = Release|Any CPU
		{5B1E1A94-E3E4-4BAA-8C62-3522FE810413}.Release|Any CPU.Build.0 = Release|Any CPU
	EndGlobalSection
	GlobalSection(SolutionProperties) = preSolution
		HideSolutionNode = FALSE
	EndGlobalSection
	GlobalSection(ExtensibilityGlobals) = postSolution
		SolutionGuid = {6799CAEE-8E9A-4ABD-96D6-9005100BED3C}
	EndGlobalSection
EndGlobal
